
Microsoft Visual Studio Solution File, Format Version 12.00
# Visual Studio Version 16
VisualStudioVersion = 16.0.29709.97
MinimumVisualStudioVersion = 10.0.40219.1
Project("{FAE04EC0-301F-11D3-BF4B-00C04F79EFBC}") = "Game", "Game\Game.csproj", "{D8C85DE8-9AAB-4F50-83D4-B77C8DE5C829}"
EndProject
Project("{FAE04EC0-301F-11D3-BF4B-00C04F79EFBC}") = "Game.Tests", "Game.Tests\Game.Tests.csproj", "{6EACFDF1-5515-4AC0-BC57-53690E046306}"
EndProject
Global
	GlobalSection(SolutionConfigurationPlatforms) = preSolution
		Debug|Any CPU = Debug|Any CPU
		Release|Any CPU = Release|Any CPU
	EndGlobalSection
	GlobalSection(ProjectConfigurationPlatforms) = postSolution
		{D8C85DE8-9AAB-4F50-83D4-B77C8DE5C829}.Debug|Any CPU.ActiveCfg = Debug|Any CPU
		{D8C85DE8-9AAB-4F50-83D4-B77C8DE5C829}.Debug|Any CPU.Build.0 = Debug|Any CPU
		{D8C85DE8-9AAB-4F50-83D4-B77C8DE5C829}.Release|Any CPU.ActiveCfg = Release|Any CPU
		{D8C85DE8-9AAB-4F50-83D4-B77C8DE5C829}.Release|Any CPU.Build.0 = Release|Any CPU
		{6EACFDF1-5515-4AC0-BC57-53690E046306}.Debug|Any CPU.ActiveCfg = Debug|Any CPU
		{6EACFDF1-5515-4AC0-BC57-53690E046306}.Debug|Any CPU.Build.0 = Debug|Any CPU
		{6EACFDF1-5515-4AC0-BC57-53690E046306}.Release|Any CPU.ActiveCfg = Release|Any CPU
		{6EACFDF1-5515-4AC0-BC57-53690E046306}.Release|Any CPU.Build.0 = Release|Any CPU
	EndGlobalSection
	GlobalSection(SolutionProperties) = preSolution
		HideSolutionNode = FALSE
	EndGlobalSection
	GlobalSection(ExtensibilityGlobals) = postSolution
		SolutionGuid = {18715A51-4846-4B23-A7E7-D3085A3806C5}
	EndGlobalSection
EndGlobal
